// !$*UTF8*$!
{
	archiveVersion = 1;
	classes = {
	};
	objectVersion = 46;
	objects = {

/* Begin PBXBuildFile section */
		56304684171E582400587727 /* UIKit.framework in Frameworks */ = {isa = PBXBuildFile; fileRef = 56304683171E582400587727 /* UIKit.framework */; };
		56304686171E582400587727 /* Foundation.framework in Frameworks */ = {isa = PBXBuildFile; fileRef = 56304685171E582400587727 /* Foundation.framework */; };
		56304688171E582400587727 /* CoreGraphics.framework in Frameworks */ = {isa = PBXBuildFile; fileRef = 56304687171E582400587727 /* CoreGraphics.framework */; };
		5630468E171E582400587727 /* InfoPlist.strings in Resources */ = {isa = PBXBuildFile; fileRef = 5630468C171E582400587727 /* InfoPlist.strings */; };
		56304690171E582400587727 /* main.m in Sources */ = {isa = PBXBuildFile; fileRef = 5630468F171E582400587727 /* main.m */; };
		56304694171E582400587727 /* AppDelegate.m in Sources */ = {isa = PBXBuildFile; fileRef = 56304693171E582400587727 /* AppDelegate.m */; };
		56304696171E582400587727 /* Default.png in Resources */ = {isa = PBXBuildFile; fileRef = 56304695171E582400587727 /* Default.png */; };
		56304698171E582400587727 /* Default@2x.png in Resources */ = {isa = PBXBuildFile; fileRef = 56304697171E582400587727 /* Default@2x.png */; };
		5630469A171E582400587727 /* Default-568h@2x.png in Resources */ = {isa = PBXBuildFile; fileRef = 56304699171E582400587727 /* Default-568h@2x.png */; };
		5630469D171E582400587727 /* MainStoryboard.storyboard in Resources */ = {isa = PBXBuildFile; fileRef = 5630469B171E582400587727 /* MainStoryboard.storyboard */; };
		563046BF171E8DD800587727 /* DemoViewController.m in Sources */ = {isa = PBXBuildFile; fileRef = 563046BE171E8DD800587727 /* DemoViewController.m */; };
		563046C2171EC7DF00587727 /* RefreshTableFooterView.m in Sources */ = {isa = PBXBuildFile; fileRef = 563046C1171EC7DF00587727 /* RefreshTableFooterView.m */; };
		563046C5171EC87100587727 /* RefreshTableHeaderView.m in Sources */ = {isa = PBXBuildFile; fileRef = 563046C4171EC87000587727 /* RefreshTableHeaderView.m */; };
/* End PBXBuildFile section */

/* Begin PBXFileReference section */
		56304680171E582400587727 /* UitableViewLoadDemo.app */ = {isa = PBXFileReference; explicitFileType = wrapper.application; includeInIndex = 0; path = UitableViewLoadDemo.app; sourceTree = BUILT_PRODUCTS_DIR; };
		56304683171E582400587727 /* UIKit.framework */ = {isa = PBXFileReference; lastKnownFileType = wrapper.framework; name = UIKit.framework; path = System/Library/Frameworks/UIKit.framework; sourceTree = SDKROOT; };
		56304685171E582400587727 /* Foundation.framework */ = {isa = PBXFileReference; lastKnownFileType = wrapper.framework; name = Foundation.framework; path = System/Library/Frameworks/Foundation.framework; sourceTree = SDKROOT; };
		56304687171E582400587727 /* CoreGraphics.framework */ = {isa = PBXFileReference; lastKnownFileType = wrapper.framework; name = CoreGraphics.framework; path = System/Library/Frameworks/CoreGraphics.framework; sourceTree = SDKROOT; };
		5630468B171E582400587727 /* UitableViewLoadDemo-Info.plist */ = {isa = PBXFileReference; lastKnownFileType = text.plist.xml; path = "UitableViewLoadDemo-Info.plist"; sourceTree = "<group>"; };
		5630468D171E582400587727 /* en */ = {isa = PBXFileReference; lastKnownFileType = text.plist.strings; name = en; path = en.lproj/InfoPlist.strings; sourceTree = "<group>"; };
		5630468F171E582400587727 /* main.m */ = {isa = PBXFileReference; lastKnownFileType = sourcecode.c.objc; path = main.m; sourceTree = "<group>"; };
		56304691171E582400587727 /* UitableViewLoadDemo-Prefix.pch */ = {isa = PBXFileReference; lastKnownFileType = sourcecode.c.h; path = "UitableViewLoadDemo-Prefix.pch"; sourceTree = "<group>"; };
		56304692171E582400587727 /* AppDelegate.h */ = {isa = PBXFileReference; lastKnownFileType = sourcecode.c.h; path = AppDelegate.h; sourceTree = "<group>"; };
		56304693171E582400587727 /* AppDelegate.m */ = {isa = PBXFileReference; lastKnownFileType = sourcecode.c.objc; path = AppDelegate.m; sourceTree = "<group>"; };
		56304695171E582400587727 /* Default.png */ = {isa = PBXFileReference; lastKnownFileType = image.png; path = Default.png; sourceTree = "<group>"; };
		56304697171E582400587727 /* Default@2x.png */ = {isa = PBXFileReference; lastKnownFileType = image.png; path = "Default@2x.png"; sourceTree = "<group>"; };
		56304699171E582400587727 /* Default-568h@2x.png */ = {isa = PBXFileReference; lastKnownFileType = image.png; path = "Default-568h@2x.png"; sourceTree = "<group>"; };
		5630469C171E582400587727 /* en */ = {isa = PBXFileReference; lastKnownFileType = file.storyboard; name = en; path = en.lproj/MainStoryboard.storyboard; sourceTree = "<group>"; };
		563046BD171E8DD800587727 /* DemoViewController.h */ = {isa = PBXFileReference; fileEncoding = 4; lastKnownFileType = sourcecode.c.h; path = DemoViewController.h; sourceTree = "<group>"; };
		563046BE171E8DD800587727 /* DemoViewController.m */ = {isa = PBXFileReference; fileEncoding = 4; lastKnownFileType = sourcecode.c.objc; path = DemoViewController.m; sourceTree = "<group>"; };
		563046C0171EC7DF00587727 /* RefreshTableFooterView.h */ = {isa = PBXFileReference; fileEncoding = 4; lastKnownFileType = sourcecode.c.h; path = RefreshTableFooterView.h; sourceTree = "<group>"; };
		563046C1171EC7DF00587727 /* RefreshTableFooterView.m */ = {isa = PBXFileReference; fileEncoding = 4; lastKnownFileType = sourcecode.c.objc; path = RefreshTableFooterView.m; sourceTree = "<group>"; };
		563046C3171EC87000587727 /* RefreshTableHeaderView.h */ = {isa = PBXFileReference; fileEncoding = 4; lastKnownFileType = sourcecode.c.h; path = RefreshTableHeaderView.h; sourceTree = "<group>"; };
		563046C4171EC87000587727 /* RefreshTableHeaderView.m */ = {isa = PBXFileReference; fileEncoding = 4; lastKnownFileType = sourcecode.c.objc; path = RefreshTableHeaderView.m; sourceTree = "<group>"; };
/* End PBXFileReference section */

/* Begin PBXFrameworksBuildPhase section */
		5630467D171E582400587727 /* Frameworks */ = {
			isa = PBXFrameworksBuildPhase;
			buildActionMask = 2147483647;
			files = (
				56304684171E582400587727 /* UIKit.framework in Frameworks */,
				56304686171E582400587727 /* Foundation.framework in Frameworks */,
				56304688171E582400587727 /* CoreGraphics.framework in Frameworks */,
			);
			runOnlyForDeploymentPostprocessing = 0;
		};
/* End PBXFrameworksBuildPhase section */

/* Begin PBXGroup section */
		56304677171E582400587727 = {
			isa = PBXGroup;
			children = (
				56304689171E582400587727 /* UitableViewLoadDemo */,
				56304682171E582400587727 /* Frameworks */,
				56304681171E582400587727 /* Products */,
			);
			sourceTree = "<group>";
		};
		56304681171E582400587727 /* Products */ = {
			isa = PBXGroup;
			children = (
				56304680171E582400587727 /* UitableViewLoadDemo.app */,
			);
			name = Products;
			sourceTree = "<group>";
		};
		56304682171E582400587727 /* Frameworks */ = {
			isa = PBXGroup;
			children = (
				56304683171E582400587727 /* UIKit.framework */,
				56304685171E582400587727 /* Foundation.framework */,
				56304687171E582400587727 /* CoreGraphics.framework */,
			);
			name = Frameworks;
			sourceTree = "<group>";
		};
		56304689171E582400587727 /* UitableViewLoadDemo */ = {
			isa = PBXGroup;
			children = (
				56304692171E582400587727 /* AppDelegate.h */,
				56304693171E582400587727 /* AppDelegate.m */,
				563046C0171EC7DF00587727 /* RefreshTableFooterView.h */,
				563046C1171EC7DF00587727 /* RefreshTableFooterView.m */,
				563046C3171EC87000587727 /* RefreshTableHeaderView.h */,
				563046C4171EC87000587727 /* RefreshTableHeaderView.m */,
				563046BD171E8DD800587727 /* DemoViewController.h */,
				563046BE171E8DD800587727 /* DemoViewController.m */,
				5630469B171E582400587727 /* MainStoryboard.storyboard */,
				5630468A171E582400587727 /* Supporting Files */,
			);
			path = UitableViewLoadDemo;
			sourceTree = "<group>";
		};
		5630468A171E582400587727 /* Supporting Files */ = {
			isa = PBXGroup;
			children = (
				5630468B171E582400587727 /* UitableViewLoadDemo-Info.plist */,
				5630468C171E582400587727 /* InfoPlist.strings */,
				5630468F171E582400587727 /* main.m */,
				56304691171E582400587727 /* UitableViewLoadDemo-Prefix.pch */,
				56304695171E582400587727 /* Default.png */,
				56304697171E582400587727 /* Default@2x.png */,
				56304699171E582400587727 /* Default-568h@2x.png */,
			);
			name = "Supporting Files";
			sourceTree = "<group>";
		};
/* End PBXGroup section */

/* Begin PBXNativeTarget section */
		5630467F171E582400587727 /* UitableViewLoadDemo */ = {
			isa = PBXNativeTarget;
			buildConfigurationList = 563046A3171E582400587727 /* Build configuration list for PBXNativeTarget "UitableViewLoadDemo" */;
			buildPhases = (
				5630467C171E582400587727 /* Sources */,
				5630467D171E582400587727 /* Frameworks */,
				5630467E171E582400587727 /* Resources */,
			);
			buildRules = (
			);
			dependencies = (
			);
			name = UitableViewLoadDemo;
			productName = UitableViewLoadDemo;
			productReference = 56304680171E582400587727 /* UitableViewLoadDemo.app */;
			productType = "com.apple.product-type.application";
		};
/* End PBXNativeTarget section */

/* Begin PBXProject section */
		56304678171E582400587727 /* Project object */ = {
			isa = PBXProject;
			attributes = {
				LastUpgradeCheck = 0460;
				ORGANIZATIONNAME = com.cwind;
			};
			buildConfigurationList = 5630467B171E582400587727 /* Build configuration list for PBXProject "UitableViewLoadDemo" */;
			compatibilityVersion = "Xcode 3.2";
			developmentRegion = English;
			hasScannedForEncodings = 0;
			knownRegions = (
				en,
			);
			mainGroup = 56304677171E582400587727;
			productRefGroup = 56304681171E582400587727 /* Products */;
			projectDirPath = "";
			projectRoot = "";
			targets = (
				5630467F171E582400587727 /* UitableViewLoadDemo */,
			);
		};
/* End PBXProject section */

/* Begin PBXResourcesBuildPhase section */
		5630467E171E582400587727 /* Resources */ = {
			isa = PBXResourcesBuildPhase;
			buildActionMask = 2147483647;
			files = (
				5630468E171E582400587727 /* InfoPlist.strings in Resources */,
				56304696171E582400587727 /* Default.png in Resources */,
				56304698171E582400587727 /* Default@2x.png in Resources */,
				5630469A171E582400587727 /* Default-568h@2x.png in Resources */,
				5630469D171E582400587727 /* MainStoryboard.storyboard in Resources */,
			);
			runOnlyForDeploymentPostprocessing = 0;
		};
/* End PBXResourcesBuildPhase section */

/* Begin PBXSourcesBuildPhase section */
		5630467C171E582400587727 /* Sources */ = {
			isa = PBXSourcesBuildPhase;
			buildActionMask = 2147483647;
			files = (
				56304690171E582400587727 /* main.m in Sources */,
				56304694171E582400587727 /* AppDelegate.m in Sources */,
				563046BF171E8DD800587727 /* DemoViewController.m in Sources */,
				563046C2171EC7DF00587727 /* RefreshTableFooterView.m in Sources */,
				563046C5171EC87100587727 /* RefreshTableHeaderView.m in Sources */,
			);
			runOnlyForDeploymentPostprocessing = 0;
		};
/* End PBXSourcesBuildPhase section */

/* Begin PBXVariantGroup section */
		5630468C171E582400587727 /* InfoPlist.strings */ = {
			isa = PBXVariantGroup;
			children = (
				5630468D171E582400587727 /* en */,
			);
			name = InfoPlist.strings;
			sourceTree = "<group>";
		};
		5630469B171E582400587727 /* MainStoryboard.storyboard */ = {
			isa = PBXVariantGroup;
			children = (
				5630469C171E582400587727 /* en */,
			);
			name = MainStoryboard.storyboard;
			sourceTree = "<group>";
		};
/* End PBXVariantGroup section */

/* Begin XCBuildConfiguration section */
		563046A1171E582400587727 /* Debug */ = {
			isa = XCBuildConfiguration;
			buildSettings = {
				ALWAYS_SEARCH_USER_PATHS = NO;
				CLANG_CXX_LANGUAGE_STANDARD = "gnu++0x";
				CLANG_CXX_LIBRARY = "libc++";
				CLANG_ENABLE_OBJC_ARC = YES;
				CLANG_WARN_CONSTANT_CONVERSION = YES;
				CLANG_WARN_EMPTY_BODY = YES;
				CLANG_WARN_ENUM_CONVERSION = YES;
				CLANG_WARN_INT_CONVERSION = YES;
				CLANG_WARN__DUPLICATE_METHOD_MATCH = YES;
				"CODE_SIGN_IDENTITY[sdk=iphoneos*]" = "iPhone Developer";
				COPY_PHASE_STRIP = NO;
				GCC_C_LANGUAGE_STANDARD = gnu99;
				GCC_DYNAMIC_NO_PIC = NO;
				GCC_OPTIMIZATION_LEVEL = 0;
				GCC_PREPROCESSOR_DEFINITIONS = (
					"DEBUG=1",
					"$(inherited)",
				);
				GCC_SYMBOLS_PRIVATE_EXTERN = NO;
				GCC_WARN_ABOUT_RETURN_TYPE = YES;
				GCC_WARN_UNINITIALIZED_AUTOS = YES;
				GCC_WARN_UNUSED_VARIABLE = YES;
				IPHONEOS_DEPLOYMENT_TARGET = 6.0;
				ONLY_ACTIVE_ARCH = YES;
				SDKROOT = iphoneos;
			};
			name = Debug;
		};
		563046A2171E582400587727 /* Release */ = {
			isa = XCBuildConfiguration;
			buildSettings = {
				ALWAYS_SEARCH_USER_PATHS = NO;
				CLANG_CXX_LANGUAGE_STANDARD = "gnu++0x";
				CLANG_CXX_LIBRARY = "libc++";
				CLANG_ENABLE_OBJC_ARC = YES;
				CLANG_WARN_CONSTANT_CONVERSION = YES;
				CLANG_WARN_EMPTY_BODY = YES;
				CLANG_WARN_ENUM_CONVERSION = YES;
				CLANG_WARN_INT_CONVERSION = YES;
				CLANG_WARN__DUPLICATE_METHOD_MATCH = YES;
				"CODE_SIGN_IDENTITY[sdk=iphoneos*]" = "iPhone Developer";
				COPY_PHASE_STRIP = YES;
				GCC_C_LANGUAGE_STANDARD = gnu99;
				GCC_WARN_ABOUT_RETURN_TYPE = YES;
				GCC_WARN_UNINITIALIZED_AUTOS = YES;
				GCC_WARN_UNUSED_VARIABLE = YES;
				IPHONEOS_DEPLOYMENT_TARGET = 6.0;
				OTHER_CFLAGS = "-DNS_BLOCK_ASSERTIONS=1";
				SDKROOT = iphoneos;
				VALIDATE_PRODUCT = YES;
			};
			name = Release;
		};
		563046A4171E582400587727 /* Debug */ = {
			isa = XCBuildConfiguration;
			buildSettings = {
				GCC_PRECOMPILE_PREFIX_HEADER = YES;
				GCC_PREFIX_HEADER = "UitableViewLoadDemo/UitableViewLoadDemo-Prefix.pch";
				INFOPLIST_FILE = "UitableViewLoadDemo/UitableViewLoadDemo-Info.plist";
				IPHONEOS_DEPLOYMENT_TARGET = 6.0;
				PRODUCT_NAME = "$(TARGET_NAME)";
				WRAPPER_EXTENSION = app;
			};
			name = Debug;
		};
		563046A5171E582400587727 /* Release */ = {
			isa = XCBuildConfiguration;
			buildSettings = {
				GCC_PRECOMPILE_PREFIX_HEADER = YES;
				GCC_PREFIX_HEADER = "UitableViewLoadDemo/UitableViewLoadDemo-Prefix.pch";
				INFOPLIST_FILE = "UitableViewLoadDemo/UitableViewLoadDemo-Info.plist";
				IPHONEOS_DEPLOYMENT_TARGET = 6.0;
				PRODUCT_NAME = "$(TARGET_NAME)";
				WRAPPER_EXTENSION = app;
			};
			name = Release;
		};
/* End XCBuildConfiguration section */

/* Begin XCConfigurationList section */
		5630467B171E582400587727 /* Build configuration list for PBXProject "UitableViewLoadDemo" */ = {
			isa = XCConfigurationList;
			buildConfigurations = (
				563046A1171E582400587727 /* Debug */,
				563046A2171E582400587727 /* Release */,
			);
			defaultConfigurationIsVisible = 0;
			defaultConfigurationName = Release;
		};
		563046A3171E582400587727 /* Build configuration list for PBXNativeTarget "UitableViewLoadDemo" */ = {
			isa = XCConfigurationList;
			buildConfigurations = (
				563046A4171E582400587727 /* Debug */,
				563046A5171E582400587727 /* Release */,
			);
			defaultConfigurationIsVisible = 0;
			defaultConfigurationName = Release;
		};
/* End XCConfigurationList section */
	};
	rootObject = 56304678171E582400587727 /* Project object */;
}
